
Microsoft Visual Studio Solution File, Format Version 12.00
# Visual Studio Version 17
VisualStudioVersion = 17.0.31521.260
MinimumVisualStudioVersion = 10.0.40219.1
Project("{8BC9CEB8-8B4A-11D0-8D11-00A0C91BC942}") = "Student result calculation project", "Student result calculation project\Student result calculation project.vcxproj", "{6CDAD78D-CF35-45D7-BF13-D664D817180C}"
EndProject
Global
	GlobalSection(SolutionConfigurationPlatforms) = preSolution
		Debug|x64 = Debug|x64
		Debug|x86 = Debug|x86
		Release|x64 = Release|x64
		Release|x86 = Release|x86
	EndGlobalSection
	GlobalSection(ProjectConfigurationPlatforms) = postSolution
		{6CDAD78D-CF35-45D7-BF13-D664D817180C}.Debug|x64.ActiveCfg = Debug|x64
		{6CDAD78D-CF35-45D7-BF13-D664D817180C}.Debug|x64.Build.0 = Debug|x64
		{6CDAD78D-CF35-45D7-BF13-D664D817180C}.Debug|x86.ActiveCfg = Debug|Win32
		{6CDAD78D-CF35-45D7-BF13-D664D817180C}.Debug|x86.Build.0 = Debug|Win32
		{6CDAD78D-CF35-45D7-BF13-D664D817180C}.Release|x64.ActiveCfg = Release|x64
		{6CDAD78D-CF35-45D7-BF13-D664D817180C}.Release|x64.Build.0 = Release|x64
		{6CDAD78D-CF35-45D7-BF13-D664D817180C}.Release|x86.ActiveCfg = Release|Win32
		{6CDAD78D-CF35-45D7-BF13-D664D817180C}.Release|x86.Build.0 = Release|Win32
	EndGlobalSection
	GlobalSection(SolutionProperties) = preSolution
		HideSolutionNode = FALSE
	EndGlobalSection
	GlobalSection(ExtensibilityGlobals) = postSolution
		SolutionGuid = {7C04D80E-B870-44D8-A03F-D80054382C4A}
	EndGlobalSection
EndGlobal
